github.com/PacktPublishing/Hands-On-Restful-Web-services-with-Go v0.0.0-20200412065800-19f24c0ceaaf h1:HhTXtJEuW1LAhrlqEvqXOObTDPFZNBsWmqp5cz+quzw=
github.com/PacktPublishing/Hands-On-Restful-Web-services-with-Go v0.0.0-20200412065800-19f24c0ceaaf/go.mod h1:qNONq2hJNTlk2u8Bi57peLsKMGfYWyF0H+FSVc/DdSA=
